
Microsoft Visual Studio Solution File, Format Version 12.00
# Visual Studio Version 17
VisualStudioVersion = 17.9.34728.123
MinimumVisualStudioVersion = 10.0.40219.1
Project("{8BC9CEB8-8B4A-11D0-8D11-00A0C91BC942}") = "C++_01", "C++_01.vcxproj", "{FD16A8BB-9EE5-4AC5-971D-1BF00A1E20E2}"
EndProject
Global
	GlobalSection(SolutionConfigurationPlatforms) = preSolution
		Debug|x64 = Debug|x64
		Debug|x86 = Debug|x86
		Release|x64 = Release|x64
		Release|x86 = Release|x86
	EndGlobalSection
	GlobalSection(ProjectConfigurationPlatforms) = postSolution
		{FD16A8BB-9EE5-4AC5-971D-1BF00A1E20E2}.Debug|x64.ActiveCfg = Debug|x64
		{FD16A8BB-9EE5-4AC5-971D-1BF00A1E20E2}.Debug|x64.Build.0 = Debug|x64
		{FD16A8BB-9EE5-4AC5-971D-1BF00A1E20E2}.Debug|x86.ActiveCfg = Debug|Win32
		{FD16A8BB-9EE5-4AC5-971D-1BF00A1E20E2}.Debug|x86.Build.0 = Debug|Win32
		{FD16A8BB-9EE5-4AC5-971D-1BF00A1E20E2}.Release|x64.ActiveCfg = Release|x64
		{FD16A8BB-9EE5-4AC5-971D-1BF00A1E20E2}.Release|x64.Build.0 = Release|x64
		{FD16A8BB-9EE5-4AC5-971D-1BF00A1E20E2}.Release|x86.ActiveCfg = Release|Win32
		{FD16A8BB-9EE5-4AC5-971D-1BF00A1E20E2}.Release|x86.Build.0 = Release|Win32
	EndGlobalSection
	GlobalSection(SolutionProperties) = preSolution
		HideSolutionNode = FALSE
	EndGlobalSection
	GlobalSection(ExtensibilityGlobals) = postSolution
		SolutionGuid = {DC371415-E068-46C9-BBFF-8C06DD741429}
	EndGlobalSection
EndGlobal
